
Microsoft Visual Studio Solution File, Format Version 12.00
# Visual Studio 15
VisualStudioVersion = 15.0.28307.168
MinimumVisualStudioVersion = 10.0.40219.1
Project("{FAE04EC0-301F-11D3-BF4B-00C04F79EFBC}") = "Organogram", "Organogram.csproj", "{F6FDB827-F5A9-4BCC-842D-B29A71138D8B}"
EndProject
Project("{FAE04EC0-301F-11D3-BF4B-00C04F79EFBC}") = "OrganogramTests", "OrganogramTests\OrganogramTests.csproj", "{7240A23D-8F4A-472D-95E6-08530A330EDE}"
EndProject
Global
	GlobalSection(SolutionConfigurationPlatforms) = preSolution
		Debug|Any CPU = Debug|Any CPU
		Release|Any CPU = Release|Any CPU
	EndGlobalSection
	GlobalSection(ProjectConfigurationPlatforms) = postSolution
		{F6FDB827-F5A9-4BCC-842D-B29A71138D8B}.Debug|Any CPU.ActiveCfg = Debug|Any CPU
		{F6FDB827-F5A9-4BCC-842D-B29A71138D8B}.Debug|Any CPU.Build.0 = Debug|Any CPU
		{F6FDB827-F5A9-4BCC-842D-B29A71138D8B}.Release|Any CPU.ActiveCfg = Release|Any CPU
		{F6FDB827-F5A9-4BCC-842D-B29A71138D8B}.Release|Any CPU.Build.0 = Release|Any CPU
		{7240A23D-8F4A-472D-95E6-08530A330EDE}.Debug|Any CPU.ActiveCfg = Debug|Any CPU
		{7240A23D-8F4A-472D-95E6-08530A330EDE}.Debug|Any CPU.Build.0 = Debug|Any CPU
		{7240A23D-8F4A-472D-95E6-08530A330EDE}.Release|Any CPU.ActiveCfg = Release|Any CPU
		{7240A23D-8F4A-472D-95E6-08530A330EDE}.Release|Any CPU.Build.0 = Release|Any CPU
	EndGlobalSection
	GlobalSection(SolutionProperties) = preSolution
		HideSolutionNode = FALSE
	EndGlobalSection
	GlobalSection(ExtensibilityGlobals) = postSolution
		SolutionGuid = {A4FBE59B-F1E7-467D-8D32-668F91FAA179}
	EndGlobalSection
EndGlobal
